
Microsoft Visual Studio Solution File, Format Version 12.00
# Visual Studio Version 17
VisualStudioVersion = 17.3.32929.385
MinimumVisualStudioVersion = 10.0.40219.1
Project("{FAE04EC0-301F-11D3-BF4B-00C04F79EFBC}") = "delegate", "delegate.csproj", "{F88DDD32-9264-4BE5-A27E-00B43D2E43FA}"
EndProject
Global
	GlobalSection(SolutionConfigurationPlatforms) = preSolution
		Debug|Any CPU = Debug|Any CPU
		Release|Any CPU = Release|Any CPU
	EndGlobalSection
	GlobalSection(ProjectConfigurationPlatforms) = postSolution
		{F88DDD32-9264-4BE5-A27E-00B43D2E43FA}.Debug|Any CPU.ActiveCfg = Debug|Any CPU
		{F88DDD32-9264-4BE5-A27E-00B43D2E43FA}.Debug|Any CPU.Build.0 = Debug|Any CPU
		{F88DDD32-9264-4BE5-A27E-00B43D2E43FA}.Release|Any CPU.ActiveCfg = Release|Any CPU
		{F88DDD32-9264-4BE5-A27E-00B43D2E43FA}.Release|Any CPU.Build.0 = Release|Any CPU
	EndGlobalSection
	GlobalSection(SolutionProperties) = preSolution
		HideSolutionNode = FALSE
	EndGlobalSection
	GlobalSection(ExtensibilityGlobals) = postSolution
		SolutionGuid = {818D7E85-DB6E-456D-AFF1-89F9D807E7F1}
	EndGlobalSection
EndGlobal
